
Microsoft Visual Studio Solution File, Format Version 11.00
# Visual Studio 2010
Project("{FAE04EC0-301F-11D3-BF4B-00C04F79EFBC}") = "InteriorDesign-CSS451", "Assembly-CSharp.csproj", "{8F2A7949-7FE9-F789-1FC9-7A993B3B71AE}"
EndProject
Global
	GlobalSection(SolutionConfigurationPlatforms) = preSolution
		Debug|Any CPU = Debug|Any CPU
		Release|Any CPU = Release|Any CPU
	EndGlobalSection
	GlobalSection(ProjectConfigurationPlatforms) = postSolution
		{8F2A7949-7FE9-F789-1FC9-7A993B3B71AE}.Debug|Any CPU.ActiveCfg = Debug|Any CPU
		{8F2A7949-7FE9-F789-1FC9-7A993B3B71AE}.Debug|Any CPU.Build.0 = Debug|Any CPU
		{8F2A7949-7FE9-F789-1FC9-7A993B3B71AE}.Release|Any CPU.ActiveCfg = Release|Any CPU
		{8F2A7949-7FE9-F789-1FC9-7A993B3B71AE}.Release|Any CPU.Build.0 = Release|Any CPU
	EndGlobalSection
	GlobalSection(SolutionProperties) = preSolution
		HideSolutionNode = FALSE
	EndGlobalSection
	GlobalSection(MonoDevelopProperties) = preSolution
		StartupItem = Assembly-CSharp.csproj
	EndGlobalSection
EndGlobal
